
Microsoft Visual Studio Solution File, Format Version 12.00
# Visual Studio Version 17
VisualStudioVersion = 17.7.34202.233
MinimumVisualStudioVersion = 10.0.40219.1
Project("{9A19103F-16F7-4668-BE54-9A1E7A4F7556}") = "SeriLogConsoleApp", "SeriLogConsoleApp\SeriLogConsoleApp.csproj", "{52F46B9C-36B8-4D85-8B4C-9AA009BC51AE}"
EndProject
Project("{FAE04EC0-301F-11D3-BF4B-00C04F79EFBC}") = "SeriLogWithEFFilter", "SeriLogWithEFFilter\SeriLogWithEFFilter.csproj", "{5AF21DF3-B9FB-44B3-9267-EEFCF5B1CF79}"
EndProject
Global
	GlobalSection(SolutionConfigurationPlatforms) = preSolution
		Debug|Any CPU = Debug|Any CPU
		Release|Any CPU = Release|Any CPU
	EndGlobalSection
	GlobalSection(ProjectConfigurationPlatforms) = postSolution
		{52F46B9C-36B8-4D85-8B4C-9AA009BC51AE}.Debug|Any CPU.ActiveCfg = Debug|Any CPU
		{52F46B9C-36B8-4D85-8B4C-9AA009BC51AE}.Debug|Any CPU.Build.0 = Debug|Any CPU
		{52F46B9C-36B8-4D85-8B4C-9AA009BC51AE}.Release|Any CPU.ActiveCfg = Release|Any CPU
		{52F46B9C-36B8-4D85-8B4C-9AA009BC51AE}.Release|Any CPU.Build.0 = Release|Any CPU
		{5AF21DF3-B9FB-44B3-9267-EEFCF5B1CF79}.Debug|Any CPU.ActiveCfg = Debug|Any CPU
		{5AF21DF3-B9FB-44B3-9267-EEFCF5B1CF79}.Debug|Any CPU.Build.0 = Debug|Any CPU
		{5AF21DF3-B9FB-44B3-9267-EEFCF5B1CF79}.Release|Any CPU.ActiveCfg = Release|Any CPU
		{5AF21DF3-B9FB-44B3-9267-EEFCF5B1CF79}.Release|Any CPU.Build.0 = Release|Any CPU
	EndGlobalSection
	GlobalSection(SolutionProperties) = preSolution
		HideSolutionNode = FALSE
	EndGlobalSection
	GlobalSection(ExtensibilityGlobals) = postSolution
		SolutionGuid = {1C1743D5-4D3E-4091-AD1B-086B6773C449}
	EndGlobalSection
EndGlobal
